
Microsoft Visual Studio Solution File, Format Version 12.00
# Visual Studio Version 17
VisualStudioVersion = 17.4.33122.133
MinimumVisualStudioVersion = 10.0.40219.1
Project("{FAE04EC0-301F-11D3-BF4B-00C04F79EFBC}") = "Deliverable1", "Deliverable1\Deliverable1.csproj", "{D5C38F5A-4F0B-4062-884C-4FCFBCA05B36}"
EndProject
Global
	GlobalSection(SolutionConfigurationPlatforms) = preSolution
		Debug|Any CPU = Debug|Any CPU
		Release|Any CPU = Release|Any CPU
	EndGlobalSection
	GlobalSection(ProjectConfigurationPlatforms) = postSolution
		{D5C38F5A-4F0B-4062-884C-4FCFBCA05B36}.Debug|Any CPU.ActiveCfg = Debug|Any CPU
		{D5C38F5A-4F0B-4062-884C-4FCFBCA05B36}.Debug|Any CPU.Build.0 = Debug|Any CPU
		{D5C38F5A-4F0B-4062-884C-4FCFBCA05B36}.Release|Any CPU.ActiveCfg = Release|Any CPU
		{D5C38F5A-4F0B-4062-884C-4FCFBCA05B36}.Release|Any CPU.Build.0 = Release|Any CPU
	EndGlobalSection
	GlobalSection(SolutionProperties) = preSolution
		HideSolutionNode = FALSE
	EndGlobalSection
	GlobalSection(ExtensibilityGlobals) = postSolution
		SolutionGuid = {98EFD0EA-3FFD-4D9C-8CCD-A32E33FBD4CB}
	EndGlobalSection
EndGlobal
